
Microsoft Visual Studio Solution File, Format Version 12.00
# Visual Studio Version 17
VisualStudioVersion = 17.5.002.0
MinimumVisualStudioVersion = 10.0.40219.1
Project("{9A19103F-16F7-4668-BE54-9A1E7A4F7556}") = "solutions", "solutions\solutions.csproj", "{FDADE651-3EBD-44B2-9B47-F23A7A320962}"
EndProject
Global
	GlobalSection(SolutionConfigurationPlatforms) = preSolution
		Debug|Any CPU = Debug|Any CPU
		Release|Any CPU = Release|Any CPU
	EndGlobalSection
	GlobalSection(ProjectConfigurationPlatforms) = postSolution
		{FDADE651-3EBD-44B2-9B47-F23A7A320962}.Debug|Any CPU.ActiveCfg = Debug|Any CPU
		{FDADE651-3EBD-44B2-9B47-F23A7A320962}.Debug|Any CPU.Build.0 = Debug|Any CPU
		{FDADE651-3EBD-44B2-9B47-F23A7A320962}.Release|Any CPU.ActiveCfg = Release|Any CPU
		{FDADE651-3EBD-44B2-9B47-F23A7A320962}.Release|Any CPU.Build.0 = Release|Any CPU
	EndGlobalSection
	GlobalSection(SolutionProperties) = preSolution
		HideSolutionNode = FALSE
	EndGlobalSection
	GlobalSection(ExtensibilityGlobals) = postSolution
		SolutionGuid = {8365D3E0-56B9-4A1F-AD35-8EAA55ADD682}
	EndGlobalSection
EndGlobal
